
Microsoft Visual Studio Solution File, Format Version 12.00
# Visual Studio Version 17
VisualStudioVersion = 17.5.33530.505
MinimumVisualStudioVersion = 10.0.40219.1
Project("{FAE04EC0-301F-11D3-BF4B-00C04F79EFBC}") = "Biblioteca", "Biblioteca.csproj", "{2678F289-EF14-439B-A9FB-1F093E7496BF}"
EndProject
Global
	GlobalSection(SolutionConfigurationPlatforms) = preSolution
		Debug|Any CPU = Debug|Any CPU
		Release|Any CPU = Release|Any CPU
	EndGlobalSection
	GlobalSection(ProjectConfigurationPlatforms) = postSolution
		{2678F289-EF14-439B-A9FB-1F093E7496BF}.Debug|Any CPU.ActiveCfg = Debug|Any CPU
		{2678F289-EF14-439B-A9FB-1F093E7496BF}.Debug|Any CPU.Build.0 = Debug|Any CPU
		{2678F289-EF14-439B-A9FB-1F093E7496BF}.Release|Any CPU.ActiveCfg = Release|Any CPU
		{2678F289-EF14-439B-A9FB-1F093E7496BF}.Release|Any CPU.Build.0 = Release|Any CPU
	EndGlobalSection
	GlobalSection(SolutionProperties) = preSolution
		HideSolutionNode = FALSE
	EndGlobalSection
	GlobalSection(ExtensibilityGlobals) = postSolution
		SolutionGuid = {3C870F05-908B-4075-BC9D-3A128439B3E7}
	EndGlobalSection
EndGlobal
